
Microsoft Visual Studio Solution File, Format Version 12.00
Project("{FAE04EC0-301F-11D3-BF4B-00C04F79EFBC}") = "ThreadedCsvReader", "ThreadedCsvReader\ThreadedCsvReader.csproj", "{E436F141-C294-46A0-A74A-A59455BFBB51}"
EndProject
Global
	GlobalSection(SolutionConfigurationPlatforms) = preSolution
		Debug|Any CPU = Debug|Any CPU
		Release|Any CPU = Release|Any CPU
	EndGlobalSection
	GlobalSection(ProjectConfigurationPlatforms) = postSolution
		{E436F141-C294-46A0-A74A-A59455BFBB51}.Debug|Any CPU.ActiveCfg = Debug|Any CPU
		{E436F141-C294-46A0-A74A-A59455BFBB51}.Debug|Any CPU.Build.0 = Debug|Any CPU
		{E436F141-C294-46A0-A74A-A59455BFBB51}.Release|Any CPU.ActiveCfg = Release|Any CPU
		{E436F141-C294-46A0-A74A-A59455BFBB51}.Release|Any CPU.Build.0 = Release|Any CPU
	EndGlobalSection
EndGlobal
